// !$*UTF8*$!
{
	archiveVersion = 1;
	classes = {
	};
	objectVersion = 50;
	objects = {

/* Begin PBXBuildFile section */
		AB5A8A092559733E005B3DEA /* AppDelegate.swift in Sources */ = {isa = PBXBuildFile; fileRef = AB5A8A082559733E005B3DEA /* AppDelegate.swift */; };
		AB5A8A0B2559733E005B3DEA /* SceneDelegate.swift in Sources */ = {isa = PBXBuildFile; fileRef = AB5A8A0A2559733E005B3DEA /* SceneDelegate.swift */; };
		AB5A8A0D2559733E005B3DEA /* ViewController.swift in Sources */ = {isa = PBXBuildFile; fileRef = AB5A8A0C2559733E005B3DEA /* ViewController.swift */; };
		AB5A8A102559733E005B3DEA /* Main.storyboard in Resources */ = {isa = PBXBuildFile; fileRef = AB5A8A0E2559733E005B3DEA /* Main.storyboard */; };
		AB5A8A122559733F005B3DEA /* Assets.xcassets in Resources */ = {isa = PBXBuildFile; fileRef = AB5A8A112559733F005B3DEA /* Assets.xcassets */; };
		AB5A8A152559733F005B3DEA /* LaunchScreen.storyboard in Resources */ = {isa = PBXBuildFile; fileRef = AB5A8A132559733F005B3DEA /* LaunchScreen.storyboard */; };
		AB5A8A202559733F005B3DEA /* StopwatchTests.swift in Sources */ = {isa = PBXBuildFile; fileRef = AB5A8A1F2559733F005B3DEA /* StopwatchTests.swift */; };
		AB5A8A2B2559733F005B3DEA /* StopwatchUITests.swift in Sources */ = {isa = PBXBuildFile; fileRef = AB5A8A2A2559733F005B3DEA /* StopwatchUITests.swift */; };
/* End PBXBuildFile section */

/* Begin PBXContainerItemProxy section */
		AB5A8A1C2559733F005B3DEA /* PBXContainerItemProxy */ = {
			isa = PBXContainerItemProxy;
			containerPortal = AB5A89FD2559733E005B3DEA /* Project object */;
			proxyType = 1;
			remoteGlobalIDString = AB5A8A042559733E005B3DEA;
			remoteInfo = Stopwatch;
		};
		AB5A8A272559733F005B3DEA /* PBXContainerItemProxy */ = {
			isa = PBXContainerItemProxy;
			containerPortal = AB5A89FD2559733E005B3DEA /* Project object */;
			proxyType = 1;
			remoteGlobalIDString = AB5A8A042559733E005B3DEA;
			remoteInfo = Stopwatch;
		};
/* End PBXContainerItemProxy section */

/* Begin PBXFileReference section */
		AB5A8A052559733E005B3DEA /* Stopwatch.app */ = {isa = PBXFileReference; explicitFileType = wrapper.application; includeInIndex = 0; path = Stopwatch.app; sourceTree = BUILT_PRODUCTS_DIR; };
		AB5A8A082559733E005B3DEA /* AppDelegate.swift */ = {isa = PBXFileReference; lastKnownFileType = sourcecode.swift; path = AppDelegate.swift; sourceTree = "<group>"; };
		AB5A8A0A2559733E005B3DEA /* SceneDelegate.swift */ = {isa = PBXFileReference; lastKnownFileType = sourcecode.swift; path = SceneDelegate.swift; sourceTree = "<group>"; };
		AB5A8A0C2559733E005B3DEA /* ViewController.swift */ = {isa = PBXFileReference; lastKnownFileType = sourcecode.swift; path = ViewController.swift; sourceTree = "<group>"; };
		AB5A8A0F2559733E005B3DEA /* Base */ = {isa = PBXFileReference; lastKnownFileType = file.storyboard; name = Base; path = Base.lproj/Main.storyboard; sourceTree = "<group>"; };
		AB5A8A112559733F005B3DEA /* Assets.xcassets */ = {isa = PBXFileReference; lastKnownFileType = folder.assetcatalog; path = Assets.xcassets; sourceTree = "<group>"; };
		AB5A8A142559733F005B3DEA /* Base */ = {isa = PBXFileReference; lastKnownFileType = file.storyboard; name = Base; path = Base.lproj/LaunchScreen.storyboard; sourceTree = "<group>"; };
		AB5A8A162559733F005B3DEA /* Info.plist */ = {isa = PBXFileReference; lastKnownFileType = text.plist.xml; path = Info.plist; sourceTree = "<group>"; };
		AB5A8A1B2559733F005B3DEA /* StopwatchTests.xctest */ = {isa = PBXFileReference; explicitFileType = wrapper.cfbundle; includeInIndex = 0; path = StopwatchTests.xctest; sourceTree = BUILT_PRODUCTS_DIR; };
		AB5A8A1F2559733F005B3DEA /* StopwatchTests.swift */ = {isa = PBXFileReference; lastKnownFileType = sourcecode.swift; path = StopwatchTests.swift; sourceTree = "<group>"; };
		AB5A8A212559733F005B3DEA /* Info.plist */ = {isa = PBXFileReference; lastKnownFileType = text.plist.xml; path = Info.plist; sourceTree = "<group>"; };
		AB5A8A262559733F005B3DEA /* StopwatchUITests.xctest */ = {isa = PBXFileReference; explicitFileType = wrapper.cfbundle; includeInIndex = 0; path = StopwatchUITests.xctest; sourceTree = BUILT_PRODUCTS_DIR; };
		AB5A8A2A2559733F005B3DEA /* StopwatchUITests.swift */ = {isa = PBXFileReference; lastKnownFileType = sourcecode.swift; path = StopwatchUITests.swift; sourceTree = "<group>"; };
		AB5A8A2C2559733F005B3DEA /* Info.plist */ = {isa = PBXFileReference; lastKnownFileType = text.plist.xml; path = Info.plist; sourceTree = "<group>"; };
/* End PBXFileReference section */

/* Begin PBXFrameworksBuildPhase section */
		AB5A8A022559733E005B3DEA /* Frameworks */ = {
			isa = PBXFrameworksBuildPhase;
			buildActionMask = 2147483647;
			files = (
			);
			runOnlyForDeploymentPostprocessing = 0;
		};
		AB5A8A182559733F005B3DEA /* Frameworks */ = {
			isa = PBXFrameworksBuildPhase;
			buildActionMask = 2147483647;
			files = (
			);
			runOnlyForDeploymentPostprocessing = 0;
		};
		AB5A8A232559733F005B3DEA /* Frameworks */ = {
			isa = PBXFrameworksBuildPhase;
			buildActionMask = 2147483647;
			files = (
			);
			runOnlyForDeploymentPostprocessing = 0;
		};
/* End PBXFrameworksBuildPhase section */

/* Begin PBXGroup section */
		AB5A89FC2559733E005B3DEA = {
			isa = PBXGroup;
			children = (
				AB5A8A072559733E005B3DEA /* Stopwatch */,
				AB5A8A1E2559733F005B3DEA /* StopwatchTests */,
				AB5A8A292559733F005B3DEA /* StopwatchUITests */,
				AB5A8A062559733E005B3DEA /* Products */,
			);
			sourceTree = "<group>";
		};
		AB5A8A062559733E005B3DEA /* Products */ = {
			isa = PBXGroup;
			children = (
				AB5A8A052559733E005B3DEA /* Stopwatch.app */,
				AB5A8A1B2559733F005B3DEA /* StopwatchTests.xctest */,
				AB5A8A262559733F005B3DEA /* StopwatchUITests.xctest */,
			);
			name = Products;
			sourceTree = "<group>";
		};
		AB5A8A072559733E005B3DEA /* Stopwatch */ = {
			isa = PBXGroup;
			children = (
				AB5A8A082559733E005B3DEA /* AppDelegate.swift */,
				AB5A8A0A2559733E005B3DEA /* SceneDelegate.swift */,
				AB5A8A0C2559733E005B3DEA /* ViewController.swift */,
				AB5A8A0E2559733E005B3DEA /* Main.storyboard */,
				AB5A8A112559733F005B3DEA /* Assets.xcassets */,
				AB5A8A132559733F005B3DEA /* LaunchScreen.storyboard */,
				AB5A8A162559733F005B3DEA /* Info.plist */,
			);
			path = Stopwatch;
			sourceTree = "<group>";
		};
		AB5A8A1E2559733F005B3DEA /* StopwatchTests */ = {
			isa = PBXGroup;
			children = (
				AB5A8A1F2559733F005B3DEA /* StopwatchTests.swift */,
				AB5A8A212559733F005B3DEA /* Info.plist */,
			);
			path = StopwatchTests;
			sourceTree = "<group>";
		};
		AB5A8A292559733F005B3DEA /* StopwatchUITests */ = {
			isa = PBXGroup;
			children = (
				AB5A8A2A2559733F005B3DEA /* StopwatchUITests.swift */,
				AB5A8A2C2559733F005B3DEA /* Info.plist */,
			);
			path = StopwatchUITests;
			sourceTree = "<group>";
		};
/* End PBXGroup section */

/* Begin PBXNativeTarget section */
		AB5A8A042559733E005B3DEA /* Stopwatch */ = {
			isa = PBXNativeTarget;
			buildConfigurationList = AB5A8A2F2559733F005B3DEA /* Build configuration list for PBXNativeTarget "Stopwatch" */;
			buildPhases = (
				AB5A8A012559733E005B3DEA /* Sources */,
				AB5A8A022559733E005B3DEA /* Frameworks */,
				AB5A8A032559733E005B3DEA /* Resources */,
			);
			buildRules = (
			);
			dependencies = (
			);
			name = Stopwatch;
			productName = Stopwatch;
			productReference = AB5A8A052559733E005B3DEA /* Stopwatch.app */;
			productType = "com.apple.product-type.application";
		};
		AB5A8A1A2559733F005B3DEA /* StopwatchTests */ = {
			isa = PBXNativeTarget;
			buildConfigurationList = AB5A8A322559733F005B3DEA /* Build configuration list for PBXNativeTarget "StopwatchTests" */;
			buildPhases = (
				AB5A8A172559733F005B3DEA /* Sources */,
				AB5A8A182559733F005B3DEA /* Frameworks */,
				AB5A8A192559733F005B3DEA /* Resources */,
			);
			buildRules = (
			);
			dependencies = (
				AB5A8A1D2559733F005B3DEA /* PBXTargetDependency */,
			);
			name = StopwatchTests;
			productName = StopwatchTests;
			productReference = AB5A8A1B2559733F005B3DEA /* StopwatchTests.xctest */;
			productType = "com.apple.product-type.bundle.unit-test";
		};
		AB5A8A252559733F005B3DEA /* StopwatchUITests */ = {
			isa = PBXNativeTarget;
			buildConfigurationList = AB5A8A352559733F005B3DEA /* Build configuration list for PBXNativeTarget "StopwatchUITests" */;
			buildPhases = (
				AB5A8A222559733F005B3DEA /* Sources */,
				AB5A8A232559733F005B3DEA /* Frameworks */,
				AB5A8A242559733F005B3DEA /* Resources */,
			);
			buildRules = (
			);
			dependencies = (
				AB5A8A282559733F005B3DEA /* PBXTargetDependency */,
			);
			name = StopwatchUITests;
			productName = StopwatchUITests;
			productReference = AB5A8A262559733F005B3DEA /* StopwatchUITests.xctest */;
			productType = "com.apple.product-type.bundle.ui-testing";
		};
/* End PBXNativeTarget section */

/* Begin PBXProject section */
		AB5A89FD2559733E005B3DEA /* Project object */ = {
			isa = PBXProject;
			attributes = {
				LastSwiftUpdateCheck = 1130;
				LastUpgradeCheck = 1130;
				ORGANIZATIONNAME = "Bailey Yingling";
				TargetAttributes = {
					AB5A8A042559733E005B3DEA = {
						CreatedOnToolsVersion = 11.3.1;
					};
					AB5A8A1A2559733F005B3DEA = {
						CreatedOnToolsVersion = 11.3.1;
						TestTargetID = AB5A8A042559733E005B3DEA;
					};
					AB5A8A252559733F005B3DEA = {
						CreatedOnToolsVersion = 11.3.1;
						TestTargetID = AB5A8A042559733E005B3DEA;
					};
				};
			};
			buildConfigurationList = AB5A8A002559733E005B3DEA /* Build configuration list for PBXProject "Stopwatch" */;
			compatibilityVersion = "Xcode 9.3";
			developmentRegion = en;
			hasScannedForEncodings = 0;
			knownRegions = (
				en,
				Base,
			);
			mainGroup = AB5A89FC2559733E005B3DEA;
			productRefGroup = AB5A8A062559733E005B3DEA /* Products */;
			projectDirPath = "";
			projectRoot = "";
			targets = (
				AB5A8A042559733E005B3DEA /* Stopwatch */,
				AB5A8A1A2559733F005B3DEA /* StopwatchTests */,
				AB5A8A252559733F005B3DEA /* StopwatchUITests */,
			);
		};
/* End PBXProject section */

/* Begin PBXResourcesBuildPhase section */
		AB5A8A032559733E005B3DEA /* Resources */ = {
			isa = PBXResourcesBuildPhase;
			buildActionMask = 2147483647;
			files = (
				AB5A8A152559733F005B3DEA /* LaunchScreen.storyboard in Resources */,
				AB5A8A122559733F005B3DEA /* Assets.xcassets in Resources */,
				AB5A8A102559733E005B3DEA /* Main.storyboard in Resources */,
			);
			runOnlyForDeploymentPostprocessing = 0;
		};
		AB5A8A192559733F005B3DEA /* Resources */ = {
			isa = PBXResourcesBuildPhase;
			buildActionMask = 2147483647;
			files = (
			);
			runOnlyForDeploymentPostprocessing = 0;
		};
		AB5A8A242559733F005B3DEA /* Resources */ = {
			isa = PBXResourcesBuildPhase;
			buildActionMask = 2147483647;
			files = (
			);
			runOnlyForDeploymentPostprocessing = 0;
		};
/* End PBXResourcesBuildPhase section */

/* Begin PBXSourcesBuildPhase section */
		AB5A8A012559733E005B3DEA /* Sources */ = {
			isa = PBXSourcesBuildPhase;
			buildActionMask = 2147483647;
			files = (
				AB5A8A0D2559733E005B3DEA /* ViewController.swift in Sources */,
				AB5A8A092559733E005B3DEA /* AppDelegate.swift in Sources */,
				AB5A8A0B2559733E005B3DEA /* SceneDelegate.swift in Sources */,
			);
			runOnlyForDeploymentPostprocessing = 0;
		};
		AB5A8A172559733F005B3DEA /* Sources */ = {
			isa = PBXSourcesBuildPhase;
			buildActionMask = 2147483647;
			files = (
				AB5A8A202559733F005B3DEA /* StopwatchTests.swift in Sources */,
			);
			runOnlyForDeploymentPostprocessing = 0;
		};
		AB5A8A222559733F005B3DEA /* Sources */ = {
			isa = PBXSourcesBuildPhase;
			buildActionMask = 2147483647;
			files = (
				AB5A8A2B2559733F005B3DEA /* StopwatchUITests.swift in Sources */,
			);
			runOnlyForDeploymentPostprocessing = 0;
		};
/* End PBXSourcesBuildPhase section */

/* Begin PBXTargetDependency section */
		AB5A8A1D2559733F005B3DEA /* PBXTargetDependency */ = {
			isa = PBXTargetDependency;
			target = AB5A8A042559733E005B3DEA /* Stopwatch */;
			targetProxy = AB5A8A1C2559733F005B3DEA /* PBXContainerItemProxy */;
		};
		AB5A8A282559733F005B3DEA /* PBXTargetDependency */ = {
			isa = PBXTargetDependency;
			target = AB5A8A042559733E005B3DEA /* Stopwatch */;
			targetProxy = AB5A8A272559733F005B3DEA /* PBXContainerItemProxy */;
		};
/* End PBXTargetDependency section */

/* Begin PBXVariantGroup section */
		AB5A8A0E2559733E005B3DEA /* Main.storyboard */ = {
			isa = PBXVariantGroup;
			children = (
				AB5A8A0F2559733E005B3DEA /* Base */,
			);
			name = Main.storyboard;
			sourceTree = "<group>";
		};
		AB5A8A132559733F005B3DEA /* LaunchScreen.storyboard */ = {
			isa = PBXVariantGroup;
			children = (
				AB5A8A142559733F005B3DEA /* Base */,
			);
			name = LaunchScreen.storyboard;
			sourceTree = "<group>";
		};
/* End PBXVariantGroup section */

/* Begin XCBuildConfiguration section */
		AB5A8A2D2559733F005B3DEA /* Debug */ = {
			isa = XCBuildConfiguration;
			buildSettings = {
				ALWAYS_SEARCH_USER_PATHS = NO;
				CLANG_ANALYZER_NONNULL = YES;
				CLANG_ANALYZER_NUMBER_OBJECT_CONVERSION = YES_AGGRESSIVE;
				CLANG_CXX_LANGUAGE_STANDARD = "gnu++14";
				CLANG_CXX_LIBRARY = "libc++";
				CLANG_ENABLE_MODULES = YES;
				CLANG_ENABLE_OBJC_ARC = YES;
				CLANG_ENABLE_OBJC_WEAK = YES;
				CLANG_WARN_BLOCK_CAPTURE_AUTORELEASING = YES;
				CLANG_WARN_BOOL_CONVERSION = YES;
				CLANG_WARN_COMMA = YES;
				CLANG_WARN_CONSTANT_CONVERSION = YES;
				CLANG_WARN_DEPRECATED_OBJC_IMPLEMENTATIONS = YES;
				CLANG_WARN_DIRECT_OBJC_ISA_USAGE = YES_ERROR;
				CLANG_WARN_DOCUMENTATION_COMMENTS = YES;
				CLANG_WARN_EMPTY_BODY = YES;
				CLANG_WARN_ENUM_CONVERSION = YES;
				CLANG_WARN_INFINITE_RECURSION = YES;
				CLANG_WARN_INT_CONVERSION = YES;
				CLANG_WARN_NON_LITERAL_NULL_CONVERSION = YES;
				CLANG_WARN_OBJC_IMPLICIT_RETAIN_SELF = YES;
				CLANG_WARN_OBJC_LITERAL_CONVERSION = YES;
				CLANG_WARN_OBJC_ROOT_CLASS = YES_ERROR;
				CLANG_WARN_RANGE_LOOP_ANALYSIS = YES;
				CLANG_WARN_STRICT_PROTOTYPES = YES;
				CLANG_WARN_SUSPICIOUS_MOVE = YES;
				CLANG_WARN_UNGUARDED_AVAILABILITY = YES_AGGRESSIVE;
				CLANG_WARN_UNREACHABLE_CODE = YES;
				CLANG_WARN__DUPLICATE_METHOD_MATCH = YES;
				COPY_PHASE_STRIP = NO;
				DEBUG_INFORMATION_FORMAT = dwarf;
				ENABLE_STRICT_OBJC_MSGSEND = YES;
				ENABLE_TESTABILITY = YES;
				GCC_C_LANGUAGE_STANDARD = gnu11;
				GCC_DYNAMIC_NO_PIC = NO;
				GCC_NO_COMMON_BLOCKS = YES;
				GCC_OPTIMIZATION_LEVEL = 0;
				GCC_PREPROCESSOR_DEFINITIONS = (
					"DEBUG=1",
					"$(inherited)",
				);
				GCC_WARN_64_TO_32_BIT_CONVERSION = YES;
				GCC_WARN_ABOUT_RETURN_TYPE = YES_ERROR;
				GCC_WARN_UNDECLARED_SELECTOR = YES;
				GCC_WARN_UNINITIALIZED_AUTOS = YES_AGGRESSIVE;
				GCC_WARN_UNUSED_FUNCTION = YES;
				GCC_WARN_UNUSED_VARIABLE = YES;
				IPHONEOS_DEPLOYMENT_TARGET = 13.2;
				MTL_ENABLE_DEBUG_INFO = INCLUDE_SOURCE;
				MTL_FAST_MATH = YES;
				ONLY_ACTIVE_ARCH = YES;
				SDKROOT = iphoneos;
				SWIFT_ACTIVE_COMPILATION_CONDITIONS = DEBUG;
				SWIFT_OPTIMIZATION_LEVEL = "-Onone";
			};
			name = Debug;
		};
		AB5A8A2E2559733F005B3DEA /* Release */ = {
			isa = XCBuildConfiguration;
			buildSettings = {
				ALWAYS_SEARCH_USER_PATHS = NO;
				CLANG_ANALYZER_NONNULL = YES;
				CLANG_ANALYZER_NUMBER_OBJECT_CONVERSION = YES_AGGRESSIVE;
				CLANG_CXX_LANGUAGE_STANDARD = "gnu++14";
				CLANG_CXX_LIBRARY = "libc++";
				CLANG_ENABLE_MODULES = YES;
				CLANG_ENABLE_OBJC_ARC = YES;
				CLANG_ENABLE_OBJC_WEAK = YES;
				CLANG_WARN_BLOCK_CAPTURE_AUTORELEASING = YES;
				CLANG_WARN_BOOL_CONVERSION = YES;
				CLANG_WARN_COMMA = YES;
				CLANG_WARN_CONSTANT_CONVERSION = YES;
				CLANG_WARN_DEPRECATED_OBJC_IMPLEMENTATIONS = YES;
				CLANG_WARN_DIRECT_OBJC_ISA_USAGE = YES_ERROR;
				CLANG_WARN_DOCUMENTATION_COMMENTS = YES;
				CLANG_WARN_EMPTY_BODY = YES;
				CLANG_WARN_ENUM_CONVERSION = YES;
				CLANG_WARN_INFINITE_RECURSION = YES;
				CLANG_WARN_INT_CONVERSION = YES;
				CLANG_WARN_NON_LITERAL_NULL_CONVERSION = YES;
				CLANG_WARN_OBJC_IMPLICIT_RETAIN_SELF = YES;
				CLANG_WARN_OBJC_LITERAL_CONVERSION = YES;
				CLANG_WARN_OBJC_ROOT_CLASS = YES_ERROR;
				CLANG_WARN_RANGE_LOOP_ANALYSIS = YES;
				CLANG_WARN_STRICT_PROTOTYPES = YES;
				CLANG_WARN_SUSPICIOUS_MOVE = YES;
				CLANG_WARN_UNGUARDED_AVAILABILITY = YES_AGGRESSIVE;
				CLANG_WARN_UNREACHABLE_CODE = YES;
				CLANG_WARN__DUPLICATE_METHOD_MATCH = YES;
				COPY_PHASE_STRIP = NO;
				DEBUG_INFORMATION_FORMAT = "dwarf-with-dsym";
				ENABLE_NS_ASSERTIONS = NO;
				ENABLE_STRICT_OBJC_MSGSEND = YES;
				GCC_C_LANGUAGE_STANDARD = gnu11;
				GCC_NO_COMMON_BLOCKS = YES;
				GCC_WARN_64_TO_32_BIT_CONVERSION = YES;
				GCC_WARN_ABOUT_RETURN_TYPE = YES_ERROR;
				GCC_WARN_UNDECLARED_SELECTOR = YES;
				GCC_WARN_UNINITIALIZED_AUTOS = YES_AGGRESSIVE;
				GCC_WARN_UNUSED_FUNCTION = YES;
				GCC_WARN_UNUSED_VARIABLE = YES;
				IPHONEOS_DEPLOYMENT_TARGET = 13.2;
				MTL_ENABLE_DEBUG_INFO = NO;
				MTL_FAST_MATH = YES;
				SDKROOT = iphoneos;
				SWIFT_COMPILATION_MODE = wholemodule;
				SWIFT_OPTIMIZATION_LEVEL = "-O";
				VALIDATE_PRODUCT = YES;
			};
			name = Release;
		};
		AB5A8A302559733F005B3DEA /* Debug */ = {
			isa = XCBuildConfiguration;
			buildSettings = {
				ASSETCATALOG_COMPILER_APPICON_NAME = AppIcon;
				CODE_SIGN_STYLE = Automatic;
				INFOPLIST_FILE = Stopwatch/Info.plist;
				LD_RUNPATH_SEARCH_PATHS = (
					"$(inherited)",
					"@executable_path/Frameworks",
				);
				PRODUCT_BUNDLE_IDENTIFIER = com.misterfitzer.Stopwatch;
				PRODUCT_NAME = "$(TARGET_NAME)";
				SWIFT_VERSION = 5.0;
				TARGETED_DEVICE_FAMILY = "1,2";
			};
			name = Debug;
		};
		AB5A8A312559733F005B3DEA /* Release */ = {
			isa = XCBuildConfiguration;
			buildSettings = {
				ASSETCATALOG_COMPILER_APPICON_NAME = AppIcon;
				CODE_SIGN_STYLE = Automatic;
				INFOPLIST_FILE = Stopwatch/Info.plist;
				LD_RUNPATH_SEARCH_PATHS = (
					"$(inherited)",
					"@executable_path/Frameworks",
				);
				PRODUCT_BUNDLE_IDENTIFIER = com.misterfitzer.Stopwatch;
				PRODUCT_NAME = "$(TARGET_NAME)";
				SWIFT_VERSION = 5.0;
				TARGETED_DEVICE_FAMILY = "1,2";
			};
			name = Release;
		};
		AB5A8A332559733F005B3DEA /* Debug */ = {
			isa = XCBuildConfiguration;
			buildSettings = {
				ALWAYS_EMBED_SWIFT_STANDARD_LIBRARIES = YES;
				BUNDLE_LOADER = "$(TEST_HOST)";
				CODE_SIGN_STYLE = Automatic;
				INFOPLIST_FILE = StopwatchTests/Info.plist;
				IPHONEOS_DEPLOYMENT_TARGET = 13.2;
				LD_RUNPATH_SEARCH_PATHS = (
					"$(inherited)",
					"@executable_path/Frameworks",
					"@loader_path/Frameworks",
				);
				PRODUCT_BUNDLE_IDENTIFIER = com.misterfitzer.StopwatchTests;
				PRODUCT_NAME = "$(TARGET_NAME)";
				SWIFT_VERSION = 5.0;
				TARGETED_DEVICE_FAMILY = "1,2";
				TEST_HOST = "$(BUILT_PRODUCTS_DIR)/Stopwatch.app/Stopwatch";
			};
			name = Debug;
		};
		AB5A8A342559733F005B3DEA /* Release */ = {
			isa = XCBuildConfiguration;
			buildSettings = {
				ALWAYS_EMBED_SWIFT_STANDARD_LIBRARIES = YES;
				BUNDLE_LOADER = "$(TEST_HOST)";
				CODE_SIGN_STYLE = Automatic;
				INFOPLIST_FILE = StopwatchTests/Info.plist;
				IPHONEOS_DEPLOYMENT_TARGET = 13.2;
				LD_RUNPATH_SEARCH_PATHS = (
					"$(inherited)",
					"@executable_path/Frameworks",
					"@loader_path/Frameworks",
				);
				PRODUCT_BUNDLE_IDENTIFIER = com.misterfitzer.StopwatchTests;
				PRODUCT_NAME = "$(TARGET_NAME)";
				SWIFT_VERSION = 5.0;
				TARGETED_DEVICE_FAMILY = "1,2";
				TEST_HOST = "$(BUILT_PRODUCTS_DIR)/Stopwatch.app/Stopwatch";
			};
			name = Release;
		};
		AB5A8A362559733F005B3DEA /* Debug */ = {
			isa = XCBuildConfiguration;
			buildSettings = {
				ALWAYS_EMBED_SWIFT_STANDARD_LIBRARIES = YES;
				CODE_SIGN_STYLE = Automatic;
				INFOPLIST_FILE = StopwatchUITests/Info.plist;
				LD_RUNPATH_SEARCH_PATHS = (
					"$(inherited)",
					"@executable_path/Frameworks",
					"@loader_path/Frameworks",
				);
				PRODUCT_BUNDLE_IDENTIFIER = com.misterfitzer.StopwatchUITests;
				PRODUCT_NAME = "$(TARGET_NAME)";
				SWIFT_VERSION = 5.0;
				TARGETED_DEVICE_FAMILY = "1,2";
				TEST_TARGET_NAME = Stopwatch;
			};
			name = Debug;
		};
		AB5A8A372559733F005B3DEA /* Release */ = {
			isa = XCBuildConfiguration;
			buildSettings = {
				ALWAYS_EMBED_SWIFT_STANDARD_LIBRARIES = YES;
				CODE_SIGN_STYLE = Automatic;
				INFOPLIST_FILE = StopwatchUITests/Info.plist;
				LD_RUNPATH_SEARCH_PATHS = (
					"$(inherited)",
					"@executable_path/Frameworks",
					"@loader_path/Frameworks",
				);
				PRODUCT_BUNDLE_IDENTIFIER = com.misterfitzer.StopwatchUITests;
				PRODUCT_NAME = "$(TARGET_NAME)";
				SWIFT_VERSION = 5.0;
				TARGETED_DEVICE_FAMILY = "1,2";
				TEST_TARGET_NAME = Stopwatch;
			};
			name = Release;
		};
/* End XCBuildConfiguration section */

/* Begin XCConfigurationList section */
		AB5A8A002559733E005B3DEA /* Build configuration list for PBXProject "Stopwatch" */ = {
			isa = XCConfigurationList;
			buildConfigurations = (
				AB5A8A2D2559733F005B3DEA /* Debug */,
				AB5A8A2E2559733F005B3DEA /* Release */,
			);
			defaultConfigurationIsVisible = 0;
			defaultConfigurationName = Release;
		};
		AB5A8A2F2559733F005B3DEA /* Build configuration list for PBXNativeTarget "Stopwatch" */ = {
			isa = XCConfigurationList;
			buildConfigurations = (
				AB5A8A302559733F005B3DEA /* Debug */,
				AB5A8A312559733F005B3DEA /* Release */,
			);
			defaultConfigurationIsVisible = 0;
			defaultConfigurationName = Release;
		};
		AB5A8A322559733F005B3DEA /* Build configuration list for PBXNativeTarget "StopwatchTests" */ = {
			isa = XCConfigurationList;
			buildConfigurations = (
				AB5A8A332559733F005B3DEA /* Debug */,
				AB5A8A342559733F005B3DEA /* Release */,
			);
			defaultConfigurationIsVisible = 0;
			defaultConfigurationName = Release;
		};
		AB5A8A352559733F005B3DEA /* Build configuration list for PBXNativeTarget "StopwatchUITests" */ = {
			isa = XCConfigurationList;
			buildConfigurations = (
				AB5A8A362559733F005B3DEA /* Debug */,
				AB5A8A372559733F005B3DEA /* Release */,
			);
			defaultConfigurationIsVisible = 0;
			defaultConfigurationName = Release;
		};
/* End XCConfigurationList section */
	};
	rootObject = AB5A89FD2559733E005B3DEA /* Project object */;
}
