// !$*UTF8*$!
{
	archiveVersion = 1;
	classes = {
	};
	objectVersion = 50;
	objects = {

/* Begin PBXBuildFile section */
		AB255D9325ED1E220084CF2E /* AppDelegate.swift in Sources */ = {isa = PBXBuildFile; fileRef = AB255D9225ED1E220084CF2E /* AppDelegate.swift */; };
		AB255D9525ED1E220084CF2E /* SceneDelegate.swift in Sources */ = {isa = PBXBuildFile; fileRef = AB255D9425ED1E220084CF2E /* SceneDelegate.swift */; };
		AB255D9725ED1E220084CF2E /* ViewController.swift in Sources */ = {isa = PBXBuildFile; fileRef = AB255D9625ED1E220084CF2E /* ViewController.swift */; };
		AB255D9A25ED1E220084CF2E /* Main.storyboard in Resources */ = {isa = PBXBuildFile; fileRef = AB255D9825ED1E220084CF2E /* Main.storyboard */; };
		AB255D9C25ED1E270084CF2E /* Assets.xcassets in Resources */ = {isa = PBXBuildFile; fileRef = AB255D9B25ED1E270084CF2E /* Assets.xcassets */; };
		AB255D9F25ED1E270084CF2E /* LaunchScreen.storyboard in Resources */ = {isa = PBXBuildFile; fileRef = AB255D9D25ED1E270084CF2E /* LaunchScreen.storyboard */; };
		AB255DAA25ED1E270084CF2E /* calculatorTests.swift in Sources */ = {isa = PBXBuildFile; fileRef = AB255DA925ED1E270084CF2E /* calculatorTests.swift */; };
		AB255DB525ED1E270084CF2E /* calculatorUITests.swift in Sources */ = {isa = PBXBuildFile; fileRef = AB255DB425ED1E270084CF2E /* calculatorUITests.swift */; };
/* End PBXBuildFile section */

/* Begin PBXContainerItemProxy section */
		AB255DA625ED1E270084CF2E /* PBXContainerItemProxy */ = {
			isa = PBXContainerItemProxy;
			containerPortal = AB255D8725ED1E220084CF2E /* Project object */;
			proxyType = 1;
			remoteGlobalIDString = AB255D8E25ED1E220084CF2E;
			remoteInfo = calculator;
		};
		AB255DB125ED1E270084CF2E /* PBXContainerItemProxy */ = {
			isa = PBXContainerItemProxy;
			containerPortal = AB255D8725ED1E220084CF2E /* Project object */;
			proxyType = 1;
			remoteGlobalIDString = AB255D8E25ED1E220084CF2E;
			remoteInfo = calculator;
		};
/* End PBXContainerItemProxy section */

/* Begin PBXFileReference section */
		AB255D8F25ED1E220084CF2E /* calculator.app */ = {isa = PBXFileReference; explicitFileType = wrapper.application; includeInIndex = 0; path = calculator.app; sourceTree = BUILT_PRODUCTS_DIR; };
		AB255D9225ED1E220084CF2E /* AppDelegate.swift */ = {isa = PBXFileReference; lastKnownFileType = sourcecode.swift; path = AppDelegate.swift; sourceTree = "<group>"; };
		AB255D9425ED1E220084CF2E /* SceneDelegate.swift */ = {isa = PBXFileReference; lastKnownFileType = sourcecode.swift; path = SceneDelegate.swift; sourceTree = "<group>"; };
		AB255D9625ED1E220084CF2E /* ViewController.swift */ = {isa = PBXFileReference; lastKnownFileType = sourcecode.swift; path = ViewController.swift; sourceTree = "<group>"; };
		AB255D9925ED1E220084CF2E /* Base */ = {isa = PBXFileReference; lastKnownFileType = file.storyboard; name = Base; path = Base.lproj/Main.storyboard; sourceTree = "<group>"; };
		AB255D9B25ED1E270084CF2E /* Assets.xcassets */ = {isa = PBXFileReference; lastKnownFileType = folder.assetcatalog; path = Assets.xcassets; sourceTree = "<group>"; };
		AB255D9E25ED1E270084CF2E /* Base */ = {isa = PBXFileReference; lastKnownFileType = file.storyboard; name = Base; path = Base.lproj/LaunchScreen.storyboard; sourceTree = "<group>"; };
		AB255DA025ED1E270084CF2E /* Info.plist */ = {isa = PBXFileReference; lastKnownFileType = text.plist.xml; path = Info.plist; sourceTree = "<group>"; };
		AB255DA525ED1E270084CF2E /* calculatorTests.xctest */ = {isa = PBXFileReference; explicitFileType = wrapper.cfbundle; includeInIndex = 0; path = calculatorTests.xctest; sourceTree = BUILT_PRODUCTS_DIR; };
		AB255DA925ED1E270084CF2E /* calculatorTests.swift */ = {isa = PBXFileReference; lastKnownFileType = sourcecode.swift; path = calculatorTests.swift; sourceTree = "<group>"; };
		AB255DAB25ED1E270084CF2E /* Info.plist */ = {isa = PBXFileReference; lastKnownFileType = text.plist.xml; path = Info.plist; sourceTree = "<group>"; };
		AB255DB025ED1E270084CF2E /* calculatorUITests.xctest */ = {isa = PBXFileReference; explicitFileType = wrapper.cfbundle; includeInIndex = 0; path = calculatorUITests.xctest; sourceTree = BUILT_PRODUCTS_DIR; };
		AB255DB425ED1E270084CF2E /* calculatorUITests.swift */ = {isa = PBXFileReference; lastKnownFileType = sourcecode.swift; path = calculatorUITests.swift; sourceTree = "<group>"; };
		AB255DB625ED1E270084CF2E /* Info.plist */ = {isa = PBXFileReference; lastKnownFileType = text.plist.xml; path = Info.plist; sourceTree = "<group>"; };
/* End PBXFileReference section */

/* Begin PBXFrameworksBuildPhase section */
		AB255D8C25ED1E220084CF2E /* Frameworks */ = {
			isa = PBXFrameworksBuildPhase;
			buildActionMask = 2147483647;
			files = (
			);
			runOnlyForDeploymentPostprocessing = 0;
		};
		AB255DA225ED1E270084CF2E /* Frameworks */ = {
			isa = PBXFrameworksBuildPhase;
			buildActionMask = 2147483647;
			files = (
			);
			runOnlyForDeploymentPostprocessing = 0;
		};
		AB255DAD25ED1E270084CF2E /* Frameworks */ = {
			isa = PBXFrameworksBuildPhase;
			buildActionMask = 2147483647;
			files = (
			);
			runOnlyForDeploymentPostprocessing = 0;
		};
/* End PBXFrameworksBuildPhase section */

/* Begin PBXGroup section */
		AB255D8625ED1E220084CF2E = {
			isa = PBXGroup;
			children = (
				AB255D9125ED1E220084CF2E /* calculator */,
				AB255DA825ED1E270084CF2E /* calculatorTests */,
				AB255DB325ED1E270084CF2E /* calculatorUITests */,
				AB255D9025ED1E220084CF2E /* Products */,
			);
			sourceTree = "<group>";
		};
		AB255D9025ED1E220084CF2E /* Products */ = {
			isa = PBXGroup;
			children = (
				AB255D8F25ED1E220084CF2E /* calculator.app */,
				AB255DA525ED1E270084CF2E /* calculatorTests.xctest */,
				AB255DB025ED1E270084CF2E /* calculatorUITests.xctest */,
			);
			name = Products;
			sourceTree = "<group>";
		};
		AB255D9125ED1E220084CF2E /* calculator */ = {
			isa = PBXGroup;
			children = (
				AB255D9225ED1E220084CF2E /* AppDelegate.swift */,
				AB255D9425ED1E220084CF2E /* SceneDelegate.swift */,
				AB255D9625ED1E220084CF2E /* ViewController.swift */,
				AB255D9825ED1E220084CF2E /* Main.storyboard */,
				AB255D9B25ED1E270084CF2E /* Assets.xcassets */,
				AB255D9D25ED1E270084CF2E /* LaunchScreen.storyboard */,
				AB255DA025ED1E270084CF2E /* Info.plist */,
			);
			path = calculator;
			sourceTree = "<group>";
		};
		AB255DA825ED1E270084CF2E /* calculatorTests */ = {
			isa = PBXGroup;
			children = (
				AB255DA925ED1E270084CF2E /* calculatorTests.swift */,
				AB255DAB25ED1E270084CF2E /* Info.plist */,
			);
			path = calculatorTests;
			sourceTree = "<group>";
		};
		AB255DB325ED1E270084CF2E /* calculatorUITests */ = {
			isa = PBXGroup;
			children = (
				AB255DB425ED1E270084CF2E /* calculatorUITests.swift */,
				AB255DB625ED1E270084CF2E /* Info.plist */,
			);
			path = calculatorUITests;
			sourceTree = "<group>";
		};
/* End PBXGroup section */

/* Begin PBXNativeTarget section */
		AB255D8E25ED1E220084CF2E /* calculator */ = {
			isa = PBXNativeTarget;
			buildConfigurationList = AB255DB925ED1E270084CF2E /* Build configuration list for PBXNativeTarget "calculator" */;
			buildPhases = (
				AB255D8B25ED1E220084CF2E /* Sources */,
				AB255D8C25ED1E220084CF2E /* Frameworks */,
				AB255D8D25ED1E220084CF2E /* Resources */,
			);
			buildRules = (
			);
			dependencies = (
			);
			name = calculator;
			productName = calculator;
			productReference = AB255D8F25ED1E220084CF2E /* calculator.app */;
			productType = "com.apple.product-type.application";
		};
		AB255DA425ED1E270084CF2E /* calculatorTests */ = {
			isa = PBXNativeTarget;
			buildConfigurationList = AB255DBC25ED1E270084CF2E /* Build configuration list for PBXNativeTarget "calculatorTests" */;
			buildPhases = (
				AB255DA125ED1E270084CF2E /* Sources */,
				AB255DA225ED1E270084CF2E /* Frameworks */,
				AB255DA325ED1E270084CF2E /* Resources */,
			);
			buildRules = (
			);
			dependencies = (
				AB255DA725ED1E270084CF2E /* PBXTargetDependency */,
			);
			name = calculatorTests;
			productName = calculatorTests;
			productReference = AB255DA525ED1E270084CF2E /* calculatorTests.xctest */;
			productType = "com.apple.product-type.bundle.unit-test";
		};
		AB255DAF25ED1E270084CF2E /* calculatorUITests */ = {
			isa = PBXNativeTarget;
			buildConfigurationList = AB255DBF25ED1E270084CF2E /* Build configuration list for PBXNativeTarget "calculatorUITests" */;
			buildPhases = (
				AB255DAC25ED1E270084CF2E /* Sources */,
				AB255DAD25ED1E270084CF2E /* Frameworks */,
				AB255DAE25ED1E270084CF2E /* Resources */,
			);
			buildRules = (
			);
			dependencies = (
				AB255DB225ED1E270084CF2E /* PBXTargetDependency */,
			);
			name = calculatorUITests;
			productName = calculatorUITests;
			productReference = AB255DB025ED1E270084CF2E /* calculatorUITests.xctest */;
			productType = "com.apple.product-type.bundle.ui-testing";
		};
/* End PBXNativeTarget section */

/* Begin PBXProject section */
		AB255D8725ED1E220084CF2E /* Project object */ = {
			isa = PBXProject;
			attributes = {
				LastSwiftUpdateCheck = 1230;
				LastUpgradeCheck = 1230;
				TargetAttributes = {
					AB255D8E25ED1E220084CF2E = {
						CreatedOnToolsVersion = 12.3;
					};
					AB255DA425ED1E270084CF2E = {
						CreatedOnToolsVersion = 12.3;
						TestTargetID = AB255D8E25ED1E220084CF2E;
					};
					AB255DAF25ED1E270084CF2E = {
						CreatedOnToolsVersion = 12.3;
						TestTargetID = AB255D8E25ED1E220084CF2E;
					};
				};
			};
			buildConfigurationList = AB255D8A25ED1E220084CF2E /* Build configuration list for PBXProject "calculator" */;
			compatibilityVersion = "Xcode 9.3";
			developmentRegion = en;
			hasScannedForEncodings = 0;
			knownRegions = (
				en,
				Base,
			);
			mainGroup = AB255D8625ED1E220084CF2E;
			productRefGroup = AB255D9025ED1E220084CF2E /* Products */;
			projectDirPath = "";
			projectRoot = "";
			targets = (
				AB255D8E25ED1E220084CF2E /* calculator */,
				AB255DA425ED1E270084CF2E /* calculatorTests */,
				AB255DAF25ED1E270084CF2E /* calculatorUITests */,
			);
		};
/* End PBXProject section */

/* Begin PBXResourcesBuildPhase section */
		AB255D8D25ED1E220084CF2E /* Resources */ = {
			isa = PBXResourcesBuildPhase;
			buildActionMask = 2147483647;
			files = (
				AB255D9F25ED1E270084CF2E /* LaunchScreen.storyboard in Resources */,
				AB255D9C25ED1E270084CF2E /* Assets.xcassets in Resources */,
				AB255D9A25ED1E220084CF2E /* Main.storyboard in Resources */,
			);
			runOnlyForDeploymentPostprocessing = 0;
		};
		AB255DA325ED1E270084CF2E /* Resources */ = {
			isa = PBXResourcesBuildPhase;
			buildActionMask = 2147483647;
			files = (
			);
			runOnlyForDeploymentPostprocessing = 0;
		};
		AB255DAE25ED1E270084CF2E /* Resources */ = {
			isa = PBXResourcesBuildPhase;
			buildActionMask = 2147483647;
			files = (
			);
			runOnlyForDeploymentPostprocessing = 0;
		};
/* End PBXResourcesBuildPhase section */

/* Begin PBXSourcesBuildPhase section */
		AB255D8B25ED1E220084CF2E /* Sources */ = {
			isa = PBXSourcesBuildPhase;
			buildActionMask = 2147483647;
			files = (
				AB255D9725ED1E220084CF2E /* ViewController.swift in Sources */,
				AB255D9325ED1E220084CF2E /* AppDelegate.swift in Sources */,
				AB255D9525ED1E220084CF2E /* SceneDelegate.swift in Sources */,
			);
			runOnlyForDeploymentPostprocessing = 0;
		};
		AB255DA125ED1E270084CF2E /* Sources */ = {
			isa = PBXSourcesBuildPhase;
			buildActionMask = 2147483647;
			files = (
				AB255DAA25ED1E270084CF2E /* calculatorTests.swift in Sources */,
			);
			runOnlyForDeploymentPostprocessing = 0;
		};
		AB255DAC25ED1E270084CF2E /* Sources */ = {
			isa = PBXSourcesBuildPhase;
			buildActionMask = 2147483647;
			files = (
				AB255DB525ED1E270084CF2E /* calculatorUITests.swift in Sources */,
			);
			runOnlyForDeploymentPostprocessing = 0;
		};
/* End PBXSourcesBuildPhase section */

/* Begin PBXTargetDependency section */
		AB255DA725ED1E270084CF2E /* PBXTargetDependency */ = {
			isa = PBXTargetDependency;
			target = AB255D8E25ED1E220084CF2E /* calculator */;
			targetProxy = AB255DA625ED1E270084CF2E /* PBXContainerItemProxy */;
		};
		AB255DB225ED1E270084CF2E /* PBXTargetDependency */ = {
			isa = PBXTargetDependency;
			target = AB255D8E25ED1E220084CF2E /* calculator */;
			targetProxy = AB255DB125ED1E270084CF2E /* PBXContainerItemProxy */;
		};
/* End PBXTargetDependency section */

/* Begin PBXVariantGroup section */
		AB255D9825ED1E220084CF2E /* Main.storyboard */ = {
			isa = PBXVariantGroup;
			children = (
				AB255D9925ED1E220084CF2E /* Base */,
			);
			name = Main.storyboard;
			sourceTree = "<group>";
		};
		AB255D9D25ED1E270084CF2E /* LaunchScreen.storyboard */ = {
			isa = PBXVariantGroup;
			children = (
				AB255D9E25ED1E270084CF2E /* Base */,
			);
			name = LaunchScreen.storyboard;
			sourceTree = "<group>";
		};
/* End PBXVariantGroup section */

/* Begin XCBuildConfiguration section */
		AB255DB725ED1E270084CF2E /* Debug */ = {
			isa = XCBuildConfiguration;
			buildSettings = {
				ALWAYS_SEARCH_USER_PATHS = NO;
				CLANG_ANALYZER_NONNULL = YES;
				CLANG_ANALYZER_NUMBER_OBJECT_CONVERSION = YES_AGGRESSIVE;
				CLANG_CXX_LANGUAGE_STANDARD = "gnu++14";
				CLANG_CXX_LIBRARY = "libc++";
				CLANG_ENABLE_MODULES = YES;
				CLANG_ENABLE_OBJC_ARC = YES;
				CLANG_ENABLE_OBJC_WEAK = YES;
				CLANG_WARN_BLOCK_CAPTURE_AUTORELEASING = YES;
				CLANG_WARN_BOOL_CONVERSION = YES;
				CLANG_WARN_COMMA = YES;
				CLANG_WARN_CONSTANT_CONVERSION = YES;
				CLANG_WARN_DEPRECATED_OBJC_IMPLEMENTATIONS = YES;
				CLANG_WARN_DIRECT_OBJC_ISA_USAGE = YES_ERROR;
				CLANG_WARN_DOCUMENTATION_COMMENTS = YES;
				CLANG_WARN_EMPTY_BODY = YES;
				CLANG_WARN_ENUM_CONVERSION = YES;
				CLANG_WARN_INFINITE_RECURSION = YES;
				CLANG_WARN_INT_CONVERSION = YES;
				CLANG_WARN_NON_LITERAL_NULL_CONVERSION = YES;
				CLANG_WARN_OBJC_IMPLICIT_RETAIN_SELF = YES;
				CLANG_WARN_OBJC_LITERAL_CONVERSION = YES;
				CLANG_WARN_OBJC_ROOT_CLASS = YES_ERROR;
				CLANG_WARN_QUOTED_INCLUDE_IN_FRAMEWORK_HEADER = YES;
				CLANG_WARN_RANGE_LOOP_ANALYSIS = YES;
				CLANG_WARN_STRICT_PROTOTYPES = YES;
				CLANG_WARN_SUSPICIOUS_MOVE = YES;
				CLANG_WARN_UNGUARDED_AVAILABILITY = YES_AGGRESSIVE;
				CLANG_WARN_UNREACHABLE_CODE = YES;
				CLANG_WARN__DUPLICATE_METHOD_MATCH = YES;
				COPY_PHASE_STRIP = NO;
				DEBUG_INFORMATION_FORMAT = dwarf;
				ENABLE_STRICT_OBJC_MSGSEND = YES;
				ENABLE_TESTABILITY = YES;
				GCC_C_LANGUAGE_STANDARD = gnu11;
				GCC_DYNAMIC_NO_PIC = NO;
				GCC_NO_COMMON_BLOCKS = YES;
				GCC_OPTIMIZATION_LEVEL = 0;
				GCC_PREPROCESSOR_DEFINITIONS = (
					"DEBUG=1",
					"$(inherited)",
				);
				GCC_WARN_64_TO_32_BIT_CONVERSION = YES;
				GCC_WARN_ABOUT_RETURN_TYPE = YES_ERROR;
				GCC_WARN_UNDECLARED_SELECTOR = YES;
				GCC_WARN_UNINITIALIZED_AUTOS = YES_AGGRESSIVE;
				GCC_WARN_UNUSED_FUNCTION = YES;
				GCC_WARN_UNUSED_VARIABLE = YES;
				IPHONEOS_DEPLOYMENT_TARGET = 14.3;
				MTL_ENABLE_DEBUG_INFO = INCLUDE_SOURCE;
				MTL_FAST_MATH = YES;
				ONLY_ACTIVE_ARCH = YES;
				SDKROOT = iphoneos;
				SWIFT_ACTIVE_COMPILATION_CONDITIONS = DEBUG;
				SWIFT_OPTIMIZATION_LEVEL = "-Onone";
			};
			name = Debug;
		};
		AB255DB825ED1E270084CF2E /* Release */ = {
			isa = XCBuildConfiguration;
			buildSettings = {
				ALWAYS_SEARCH_USER_PATHS = NO;
				CLANG_ANALYZER_NONNULL = YES;
				CLANG_ANALYZER_NUMBER_OBJECT_CONVERSION = YES_AGGRESSIVE;
				CLANG_CXX_LANGUAGE_STANDARD = "gnu++14";
				CLANG_CXX_LIBRARY = "libc++";
				CLANG_ENABLE_MODULES = YES;
				CLANG_ENABLE_OBJC_ARC = YES;
				CLANG_ENABLE_OBJC_WEAK = YES;
				CLANG_WARN_BLOCK_CAPTURE_AUTORELEASING = YES;
				CLANG_WARN_BOOL_CONVERSION = YES;
				CLANG_WARN_COMMA = YES;
				CLANG_WARN_CONSTANT_CONVERSION = YES;
				CLANG_WARN_DEPRECATED_OBJC_IMPLEMENTATIONS = YES;
				CLANG_WARN_DIRECT_OBJC_ISA_USAGE = YES_ERROR;
				CLANG_WARN_DOCUMENTATION_COMMENTS = YES;
				CLANG_WARN_EMPTY_BODY = YES;
				CLANG_WARN_ENUM_CONVERSION = YES;
				CLANG_WARN_INFINITE_RECURSION = YES;
				CLANG_WARN_INT_CONVERSION = YES;
				CLANG_WARN_NON_LITERAL_NULL_CONVERSION = YES;
				CLANG_WARN_OBJC_IMPLICIT_RETAIN_SELF = YES;
				CLANG_WARN_OBJC_LITERAL_CONVERSION = YES;
				CLANG_WARN_OBJC_ROOT_CLASS = YES_ERROR;
				CLANG_WARN_QUOTED_INCLUDE_IN_FRAMEWORK_HEADER = YES;
				CLANG_WARN_RANGE_LOOP_ANALYSIS = YES;
				CLANG_WARN_STRICT_PROTOTYPES = YES;
				CLANG_WARN_SUSPICIOUS_MOVE = YES;
				CLANG_WARN_UNGUARDED_AVAILABILITY = YES_AGGRESSIVE;
				CLANG_WARN_UNREACHABLE_CODE = YES;
				CLANG_WARN__DUPLICATE_METHOD_MATCH = YES;
				COPY_PHASE_STRIP = NO;
				DEBUG_INFORMATION_FORMAT = "dwarf-with-dsym";
				ENABLE_NS_ASSERTIONS = NO;
				ENABLE_STRICT_OBJC_MSGSEND = YES;
				GCC_C_LANGUAGE_STANDARD = gnu11;
				GCC_NO_COMMON_BLOCKS = YES;
				GCC_WARN_64_TO_32_BIT_CONVERSION = YES;
				GCC_WARN_ABOUT_RETURN_TYPE = YES_ERROR;
				GCC_WARN_UNDECLARED_SELECTOR = YES;
				GCC_WARN_UNINITIALIZED_AUTOS = YES_AGGRESSIVE;
				GCC_WARN_UNUSED_FUNCTION = YES;
				GCC_WARN_UNUSED_VARIABLE = YES;
				IPHONEOS_DEPLOYMENT_TARGET = 14.3;
				MTL_ENABLE_DEBUG_INFO = NO;
				MTL_FAST_MATH = YES;
				SDKROOT = iphoneos;
				SWIFT_COMPILATION_MODE = wholemodule;
				SWIFT_OPTIMIZATION_LEVEL = "-O";
				VALIDATE_PRODUCT = YES;
			};
			name = Release;
		};
		AB255DBA25ED1E270084CF2E /* Debug */ = {
			isa = XCBuildConfiguration;
			buildSettings = {
				ASSETCATALOG_COMPILER_APPICON_NAME = AppIcon;
				ASSETCATALOG_COMPILER_GLOBAL_ACCENT_COLOR_NAME = AccentColor;
				CODE_SIGN_STYLE = Automatic;
				INFOPLIST_FILE = calculator/Info.plist;
				LD_RUNPATH_SEARCH_PATHS = (
					"$(inherited)",
					"@executable_path/Frameworks",
				);
				PRODUCT_BUNDLE_IDENTIFIER = com.misterfitzer.calculator;
				PRODUCT_NAME = "$(TARGET_NAME)";
				SWIFT_VERSION = 5.0;
				TARGETED_DEVICE_FAMILY = "1,2";
			};
			name = Debug;
		};
		AB255DBB25ED1E270084CF2E /* Release */ = {
			isa = XCBuildConfiguration;
			buildSettings = {
				ASSETCATALOG_COMPILER_APPICON_NAME = AppIcon;
				ASSETCATALOG_COMPILER_GLOBAL_ACCENT_COLOR_NAME = AccentColor;
				CODE_SIGN_STYLE = Automatic;
				INFOPLIST_FILE = calculator/Info.plist;
				LD_RUNPATH_SEARCH_PATHS = (
					"$(inherited)",
					"@executable_path/Frameworks",
				);
				PRODUCT_BUNDLE_IDENTIFIER = com.misterfitzer.calculator;
				PRODUCT_NAME = "$(TARGET_NAME)";
				SWIFT_VERSION = 5.0;
				TARGETED_DEVICE_FAMILY = "1,2";
			};
			name = Release;
		};
		AB255DBD25ED1E270084CF2E /* Debug */ = {
			isa = XCBuildConfiguration;
			buildSettings = {
				ALWAYS_EMBED_SWIFT_STANDARD_LIBRARIES = YES;
				BUNDLE_LOADER = "$(TEST_HOST)";
				CODE_SIGN_STYLE = Automatic;
				INFOPLIST_FILE = calculatorTests/Info.plist;
				IPHONEOS_DEPLOYMENT_TARGET = 14.3;
				LD_RUNPATH_SEARCH_PATHS = (
					"$(inherited)",
					"@executable_path/Frameworks",
					"@loader_path/Frameworks",
				);
				PRODUCT_BUNDLE_IDENTIFIER = com.misterfitzer.calculatorTests;
				PRODUCT_NAME = "$(TARGET_NAME)";
				SWIFT_VERSION = 5.0;
				TARGETED_DEVICE_FAMILY = "1,2";
				TEST_HOST = "$(BUILT_PRODUCTS_DIR)/calculator.app/calculator";
			};
			name = Debug;
		};
		AB255DBE25ED1E270084CF2E /* Release */ = {
			isa = XCBuildConfiguration;
			buildSettings = {
				ALWAYS_EMBED_SWIFT_STANDARD_LIBRARIES = YES;
				BUNDLE_LOADER = "$(TEST_HOST)";
				CODE_SIGN_STYLE = Automatic;
				INFOPLIST_FILE = calculatorTests/Info.plist;
				IPHONEOS_DEPLOYMENT_TARGET = 14.3;
				LD_RUNPATH_SEARCH_PATHS = (
					"$(inherited)",
					"@executable_path/Frameworks",
					"@loader_path/Frameworks",
				);
				PRODUCT_BUNDLE_IDENTIFIER = com.misterfitzer.calculatorTests;
				PRODUCT_NAME = "$(TARGET_NAME)";
				SWIFT_VERSION = 5.0;
				TARGETED_DEVICE_FAMILY = "1,2";
				TEST_HOST = "$(BUILT_PRODUCTS_DIR)/calculator.app/calculator";
			};
			name = Release;
		};
		AB255DC025ED1E270084CF2E /* Debug */ = {
			isa = XCBuildConfiguration;
			buildSettings = {
				ALWAYS_EMBED_SWIFT_STANDARD_LIBRARIES = YES;
				CODE_SIGN_STYLE = Automatic;
				INFOPLIST_FILE = calculatorUITests/Info.plist;
				LD_RUNPATH_SEARCH_PATHS = (
					"$(inherited)",
					"@executable_path/Frameworks",
					"@loader_path/Frameworks",
				);
				PRODUCT_BUNDLE_IDENTIFIER = com.misterfitzer.calculatorUITests;
				PRODUCT_NAME = "$(TARGET_NAME)";
				SWIFT_VERSION = 5.0;
				TARGETED_DEVICE_FAMILY = "1,2";
				TEST_TARGET_NAME = calculator;
			};
			name = Debug;
		};
		AB255DC125ED1E270084CF2E /* Release */ = {
			isa = XCBuildConfiguration;
			buildSettings = {
				ALWAYS_EMBED_SWIFT_STANDARD_LIBRARIES = YES;
				CODE_SIGN_STYLE = Automatic;
				INFOPLIST_FILE = calculatorUITests/Info.plist;
				LD_RUNPATH_SEARCH_PATHS = (
					"$(inherited)",
					"@executable_path/Frameworks",
					"@loader_path/Frameworks",
				);
				PRODUCT_BUNDLE_IDENTIFIER = com.misterfitzer.calculatorUITests;
				PRODUCT_NAME = "$(TARGET_NAME)";
				SWIFT_VERSION = 5.0;
				TARGETED_DEVICE_FAMILY = "1,2";
				TEST_TARGET_NAME = calculator;
			};
			name = Release;
		};
/* End XCBuildConfiguration section */

/* Begin XCConfigurationList section */
		AB255D8A25ED1E220084CF2E /* Build configuration list for PBXProject "calculator" */ = {
			isa = XCConfigurationList;
			buildConfigurations = (
				AB255DB725ED1E270084CF2E /* Debug */,
				AB255DB825ED1E270084CF2E /* Release */,
			);
			defaultConfigurationIsVisible = 0;
			defaultConfigurationName = Release;
		};
		AB255DB925ED1E270084CF2E /* Build configuration list for PBXNativeTarget "calculator" */ = {
			isa = XCConfigurationList;
			buildConfigurations = (
				AB255DBA25ED1E270084CF2E /* Debug */,
				AB255DBB25ED1E270084CF2E /* Release */,
			);
			defaultConfigurationIsVisible = 0;
			defaultConfigurationName = Release;
		};
		AB255DBC25ED1E270084CF2E /* Build configuration list for PBXNativeTarget "calculatorTests" */ = {
			isa = XCConfigurationList;
			buildConfigurations = (
				AB255DBD25ED1E270084CF2E /* Debug */,
				AB255DBE25ED1E270084CF2E /* Release */,
			);
			defaultConfigurationIsVisible = 0;
			defaultConfigurationName = Release;
		};
		AB255DBF25ED1E270084CF2E /* Build configuration list for PBXNativeTarget "calculatorUITests" */ = {
			isa = XCConfigurationList;
			buildConfigurations = (
				AB255DC025ED1E270084CF2E /* Debug */,
				AB255DC125ED1E270084CF2E /* Release */,
			);
			defaultConfigurationIsVisible = 0;
			defaultConfigurationName = Release;
		};
/* End XCConfigurationList section */
	};
	rootObject = AB255D8725ED1E220084CF2E /* Project object */;
}
